
Microsoft Visual Studio Solution File, Format Version 12.00
# Visual Studio Version 17
VisualStudioVersion = 17.11.35327.3
MinimumVisualStudioVersion = 10.0.40219.1
Project("{FAE04EC0-301F-11D3-BF4B-00C04F79EFBC}") = "W4_Abstraction", "W4_Abstraction\W4_Abstraction.csproj", "{AD490B7C-87C5-43AD-A74A-B7FD07D56F68}"
EndProject
Global
	GlobalSection(SolutionConfigurationPlatforms) = preSolution
		Debug|Any CPU = Debug|Any CPU
		Release|Any CPU = Release|Any CPU
	EndGlobalSection
	GlobalSection(ProjectConfigurationPlatforms) = postSolution
		{AD490B7C-87C5-43AD-A74A-B7FD07D56F68}.Debug|Any CPU.ActiveCfg = Debug|Any CPU
		{AD490B7C-87C5-43AD-A74A-B7FD07D56F68}.Debug|Any CPU.Build.0 = Debug|Any CPU
		{AD490B7C-87C5-43AD-A74A-B7FD07D56F68}.Release|Any CPU.ActiveCfg = Release|Any CPU
		{AD490B7C-87C5-43AD-A74A-B7FD07D56F68}.Release|Any CPU.Build.0 = Release|Any CPU
	EndGlobalSection
	GlobalSection(SolutionProperties) = preSolution
		HideSolutionNode = FALSE
	EndGlobalSection
	GlobalSection(ExtensibilityGlobals) = postSolution
		SolutionGuid = {658B8F65-AFE1-4A32-95F0-3CC28699AFD5}
	EndGlobalSection
EndGlobal
